
Microsoft Visual Studio Solution File, Format Version 12.00
# Visual Studio Version 16
VisualStudioVersion = 16.0.31105.61
MinimumVisualStudioVersion = 10.0.40219.1
Project("{FAE04EC0-301F-11D3-BF4B-00C04F79EFBC}") = "LubriApp", "LubriApp\LubriApp.csproj", "{7B5482E1-4A6A-4226-9893-DB093C49F2B8}"
EndProject
Project("{FAE04EC0-301F-11D3-BF4B-00C04F79EFBC}") = "Negocio", "Negocio\Negocio.csproj", "{6B7AB608-B449-4FE9-BB21-BDC04C1A912A}"
	ProjectSection(ProjectDependencies) = postProject
		{D6989FC7-FD5E-424D-8A5A-C01BDBE6326E} = {D6989FC7-FD5E-424D-8A5A-C01BDBE6326E}
	EndProjectSection
EndProject
Project("{FAE04EC0-301F-11D3-BF4B-00C04F79EFBC}") = "Dominio", "Dominio\Dominio.csproj", "{D6989FC7-FD5E-424D-8A5A-C01BDBE6326E}"
EndProject
Project("{FAE04EC0-301F-11D3-BF4B-00C04F79EFBC}") = "Servicios", "Servicios\Servicios.csproj", "{0CA0FB80-0C87-4488-9585-2A1BCD74E8B0}"
EndProject
Global
	GlobalSection(SolutionConfigurationPlatforms) = preSolution
		Debug|Any CPU = Debug|Any CPU
		Release|Any CPU = Release|Any CPU
	EndGlobalSection
	GlobalSection(ProjectConfigurationPlatforms) = postSolution
		{7B5482E1-4A6A-4226-9893-DB093C49F2B8}.Debug|Any CPU.ActiveCfg = Debug|Any CPU
		{7B5482E1-4A6A-4226-9893-DB093C49F2B8}.Debug|Any CPU.Build.0 = Debug|Any CPU
		{7B5482E1-4A6A-4226-9893-DB093C49F2B8}.Release|Any CPU.ActiveCfg = Release|Any CPU
		{7B5482E1-4A6A-4226-9893-DB093C49F2B8}.Release|Any CPU.Build.0 = Release|Any CPU
		{6B7AB608-B449-4FE9-BB21-BDC04C1A912A}.Debug|Any CPU.ActiveCfg = Debug|Any CPU
		{6B7AB608-B449-4FE9-BB21-BDC04C1A912A}.Debug|Any CPU.Build.0 = Debug|Any CPU
		{6B7AB608-B449-4FE9-BB21-BDC04C1A912A}.Release|Any CPU.ActiveCfg = Release|Any CPU
		{6B7AB608-B449-4FE9-BB21-BDC04C1A912A}.Release|Any CPU.Build.0 = Release|Any CPU
		{D6989FC7-FD5E-424D-8A5A-C01BDBE6326E}.Debug|Any CPU.ActiveCfg = Debug|Any CPU
		{D6989FC7-FD5E-424D-8A5A-C01BDBE6326E}.Debug|Any CPU.Build.0 = Debug|Any CPU
		{D6989FC7-FD5E-424D-8A5A-C01BDBE6326E}.Release|Any CPU.ActiveCfg = Release|Any CPU
		{D6989FC7-FD5E-424D-8A5A-C01BDBE6326E}.Release|Any CPU.Build.0 = Release|Any CPU
		{0CA0FB80-0C87-4488-9585-2A1BCD74E8B0}.Debug|Any CPU.ActiveCfg = Debug|Any CPU
		{0CA0FB80-0C87-4488-9585-2A1BCD74E8B0}.Debug|Any CPU.Build.0 = Debug|Any CPU
		{0CA0FB80-0C87-4488-9585-2A1BCD74E8B0}.Release|Any CPU.ActiveCfg = Release|Any CPU
		{0CA0FB80-0C87-4488-9585-2A1BCD74E8B0}.Release|Any CPU.Build.0 = Release|Any CPU
	EndGlobalSection
	GlobalSection(SolutionProperties) = preSolution
		HideSolutionNode = FALSE
	EndGlobalSection
	GlobalSection(ExtensibilityGlobals) = postSolution
		SolutionGuid = {29A4B927-13B7-4283-A438-A442EC58D2F5}
	EndGlobalSection
EndGlobal
